// !$*UTF8*$!
{
	archiveVersion = 1;
	classes = {
	};
	objectVersion = 55;
	objects = {

/* Begin PBXBuildFile section */
		B50A3AC9273B183F005B3ED1 /* Models.framework in Frameworks */ = {isa = PBXBuildFile; fileRef = B50A3AC0273B183F005B3ED1 /* Models.framework */; };
		B50A3ACE273B183F005B3ED1 /* ModelsTests.swift in Sources */ = {isa = PBXBuildFile; fileRef = B50A3ACD273B183F005B3ED1 /* ModelsTests.swift */; };
		B50A3AEC273B1863005B3ED1 /* Episode.swift in Sources */ = {isa = PBXBuildFile; fileRef = B50A3AE8273B1863005B3ED1 /* Episode.swift */; };
		B50A3AED273B1863005B3ED1 /* Series.swift in Sources */ = {isa = PBXBuildFile; fileRef = B50A3AE9273B1863005B3ED1 /* Series.swift */; };
		B50A3AEE273B1863005B3ED1 /* EpisodeType.swift in Sources */ = {isa = PBXBuildFile; fileRef = B50A3AEA273B1863005B3ED1 /* EpisodeType.swift */; };
/* End PBXBuildFile section */

/* Begin PBXContainerItemProxy section */
		B50A3ACA273B183F005B3ED1 /* PBXContainerItemProxy */ = {
			isa = PBXContainerItemProxy;
			containerPortal = B50A3AB7273B183F005B3ED1 /* Project object */;
			proxyType = 1;
			remoteGlobalIDString = B50A3ABF273B183F005B3ED1;
			remoteInfo = Models;
		};
/* End PBXContainerItemProxy section */

/* Begin PBXFileReference section */
		B50A3AC0273B183F005B3ED1 /* Models.framework */ = {isa = PBXFileReference; explicitFileType = wrapper.framework; includeInIndex = 0; path = Models.framework; sourceTree = BUILT_PRODUCTS_DIR; };
		B50A3AC8273B183F005B3ED1 /* ModelsTests.xctest */ = {isa = PBXFileReference; explicitFileType = wrapper.cfbundle; includeInIndex = 0; path = ModelsTests.xctest; sourceTree = BUILT_PRODUCTS_DIR; };
		B50A3ACD273B183F005B3ED1 /* ModelsTests.swift */ = {isa = PBXFileReference; lastKnownFileType = sourcecode.swift; path = ModelsTests.swift; sourceTree = "<group>"; };
		B50A3AE8273B1863005B3ED1 /* Episode.swift */ = {isa = PBXFileReference; fileEncoding = 4; lastKnownFileType = sourcecode.swift; path = Episode.swift; sourceTree = "<group>"; };
		B50A3AE9273B1863005B3ED1 /* Series.swift */ = {isa = PBXFileReference; fileEncoding = 4; lastKnownFileType = sourcecode.swift; path = Series.swift; sourceTree = "<group>"; };
		B50A3AEA273B1863005B3ED1 /* EpisodeType.swift */ = {isa = PBXFileReference; fileEncoding = 4; lastKnownFileType = sourcecode.swift; path = EpisodeType.swift; sourceTree = "<group>"; };
/* End PBXFileReference section */

/* Begin PBXFrameworksBuildPhase section */
		B50A3ABD273B183F005B3ED1 /* Frameworks */ = {
			isa = PBXFrameworksBuildPhase;
			buildActionMask = 2147483647;
			files = (
			);
			runOnlyForDeploymentPostprocessing = 0;
		};
		B50A3AC5273B183F005B3ED1 /* Frameworks */ = {
			isa = PBXFrameworksBuildPhase;
			buildActionMask = 2147483647;
			files = (
				B50A3AC9273B183F005B3ED1 /* Models.framework in Frameworks */,
			);
			runOnlyForDeploymentPostprocessing = 0;
		};
/* End PBXFrameworksBuildPhase section */

/* Begin PBXGroup section */
		B50A3AB6273B183F005B3ED1 = {
			isa = PBXGroup;
			children = (
				B50A3AC2273B183F005B3ED1 /* Models */,
				B50A3ACC273B183F005B3ED1 /* ModelsTests */,
				B50A3AC1273B183F005B3ED1 /* Products */,
			);
			sourceTree = "<group>";
		};
		B50A3AC1273B183F005B3ED1 /* Products */ = {
			isa = PBXGroup;
			children = (
				B50A3AC0273B183F005B3ED1 /* Models.framework */,
				B50A3AC8273B183F005B3ED1 /* ModelsTests.xctest */,
			);
			name = Products;
			sourceTree = "<group>";
		};
		B50A3AC2273B183F005B3ED1 /* Models */ = {
			isa = PBXGroup;
			children = (
				B50A3AE8273B1863005B3ED1 /* Episode.swift */,
				B50A3AEA273B1863005B3ED1 /* EpisodeType.swift */,
				B50A3AE9273B1863005B3ED1 /* Series.swift */,
			);
			path = Models;
			sourceTree = "<group>";
		};
		B50A3ACC273B183F005B3ED1 /* ModelsTests */ = {
			isa = PBXGroup;
			children = (
				B50A3ACD273B183F005B3ED1 /* ModelsTests.swift */,
			);
			path = ModelsTests;
			sourceTree = "<group>";
		};
/* End PBXGroup section */

/* Begin PBXHeadersBuildPhase section */
		B50A3ABB273B183F005B3ED1 /* Headers */ = {
			isa = PBXHeadersBuildPhase;
			buildActionMask = 2147483647;
			files = (
			);
			runOnlyForDeploymentPostprocessing = 0;
		};
/* End PBXHeadersBuildPhase section */

/* Begin PBXNativeTarget section */
		B50A3ABF273B183F005B3ED1 /* Models */ = {
			isa = PBXNativeTarget;
			buildConfigurationList = B50A3AD2273B183F005B3ED1 /* Build configuration list for PBXNativeTarget "Models" */;
			buildPhases = (
				B50A3ABB273B183F005B3ED1 /* Headers */,
				B50A3ABC273B183F005B3ED1 /* Sources */,
				B50A3ABD273B183F005B3ED1 /* Frameworks */,
				B50A3ABE273B183F005B3ED1 /* Resources */,
			);
			buildRules = (
			);
			dependencies = (
			);
			name = Models;
			productName = Models;
			productReference = B50A3AC0273B183F005B3ED1 /* Models.framework */;
			productType = "com.apple.product-type.framework";
		};
		B50A3AC7273B183F005B3ED1 /* ModelsTests */ = {
			isa = PBXNativeTarget;
			buildConfigurationList = B50A3AD5273B183F005B3ED1 /* Build configuration list for PBXNativeTarget "ModelsTests" */;
			buildPhases = (
				B50A3AC4273B183F005B3ED1 /* Sources */,
				B50A3AC5273B183F005B3ED1 /* Frameworks */,
				B50A3AC6273B183F005B3ED1 /* Resources */,
			);
			buildRules = (
			);
			dependencies = (
				B50A3ACB273B183F005B3ED1 /* PBXTargetDependency */,
			);
			name = ModelsTests;
			productName = ModelsTests;
			productReference = B50A3AC8273B183F005B3ED1 /* ModelsTests.xctest */;
			productType = "com.apple.product-type.bundle.unit-test";
		};
/* End PBXNativeTarget section */

/* Begin PBXProject section */
		B50A3AB7273B183F005B3ED1 /* Project object */ = {
			isa = PBXProject;
			attributes = {
				BuildIndependentTargetsInParallel = 1;
				LastSwiftUpdateCheck = 1310;
				LastUpgradeCheck = 1310;
				TargetAttributes = {
					B50A3ABF273B183F005B3ED1 = {
						CreatedOnToolsVersion = 13.1;
						LastSwiftMigration = 1310;
					};
					B50A3AC7273B183F005B3ED1 = {
						CreatedOnToolsVersion = 13.1;
					};
				};
			};
			buildConfigurationList = B50A3ABA273B183F005B3ED1 /* Build configuration list for PBXProject "Models" */;
			compatibilityVersion = "Xcode 13.0";
			developmentRegion = en;
			hasScannedForEncodings = 0;
			knownRegions = (
				en,
				Base,
			);
			mainGroup = B50A3AB6273B183F005B3ED1;
			productRefGroup = B50A3AC1273B183F005B3ED1 /* Products */;
			projectDirPath = "";
			projectRoot = "";
			targets = (
				B50A3ABF273B183F005B3ED1 /* Models */,
				B50A3AC7273B183F005B3ED1 /* ModelsTests */,
			);
		};
/* End PBXProject section */

/* Begin PBXResourcesBuildPhase section */
		B50A3ABE273B183F005B3ED1 /* Resources */ = {
			isa = PBXResourcesBuildPhase;
			buildActionMask = 2147483647;
			files = (
			);
			runOnlyForDeploymentPostprocessing = 0;
		};
		B50A3AC6273B183F005B3ED1 /* Resources */ = {
			isa = PBXResourcesBuildPhase;
			buildActionMask = 2147483647;
			files = (
			);
			runOnlyForDeploymentPostprocessing = 0;
		};
/* End PBXResourcesBuildPhase section */

/* Begin PBXSourcesBuildPhase section */
		B50A3ABC273B183F005B3ED1 /* Sources */ = {
			isa = PBXSourcesBuildPhase;
			buildActionMask = 2147483647;
			files = (
				B50A3AED273B1863005B3ED1 /* Series.swift in Sources */,
				B50A3AEE273B1863005B3ED1 /* EpisodeType.swift in Sources */,
				B50A3AEC273B1863005B3ED1 /* Episode.swift in Sources */,
			);
			runOnlyForDeploymentPostprocessing = 0;
		};
		B50A3AC4273B183F005B3ED1 /* Sources */ = {
			isa = PBXSourcesBuildPhase;
			buildActionMask = 2147483647;
			files = (
				B50A3ACE273B183F005B3ED1 /* ModelsTests.swift in Sources */,
			);
			runOnlyForDeploymentPostprocessing = 0;
		};
/* End PBXSourcesBuildPhase section */

/* Begin PBXTargetDependency section */
		B50A3ACB273B183F005B3ED1 /* PBXTargetDependency */ = {
			isa = PBXTargetDependency;
			target = B50A3ABF273B183F005B3ED1 /* Models */;
			targetProxy = B50A3ACA273B183F005B3ED1 /* PBXContainerItemProxy */;
		};
/* End PBXTargetDependency section */

/* Begin XCBuildConfiguration section */
		B50A3AD0273B183F005B3ED1 /* Debug */ = {
			isa = XCBuildConfiguration;
			buildSettings = {
				ALWAYS_SEARCH_USER_PATHS = NO;
				CLANG_ANALYZER_NONNULL = YES;
				CLANG_ANALYZER_NUMBER_OBJECT_CONVERSION = YES_AGGRESSIVE;
				CLANG_CXX_LANGUAGE_STANDARD = "gnu++17";
				CLANG_CXX_LIBRARY = "libc++";
				CLANG_ENABLE_MODULES = YES;
				CLANG_ENABLE_OBJC_ARC = YES;
				CLANG_ENABLE_OBJC_WEAK = YES;
				CLANG_WARN_BLOCK_CAPTURE_AUTORELEASING = YES;
				CLANG_WARN_BOOL_CONVERSION = YES;
				CLANG_WARN_COMMA = YES;
				CLANG_WARN_CONSTANT_CONVERSION = YES;
				CLANG_WARN_DEPRECATED_OBJC_IMPLEMENTATIONS = YES;
				CLANG_WARN_DIRECT_OBJC_ISA_USAGE = YES_ERROR;
				CLANG_WARN_DOCUMENTATION_COMMENTS = YES;
				CLANG_WARN_EMPTY_BODY = YES;
				CLANG_WARN_ENUM_CONVERSION = YES;
				CLANG_WARN_INFINITE_RECURSION = YES;
				CLANG_WARN_INT_CONVERSION = YES;
				CLANG_WARN_NON_LITERAL_NULL_CONVERSION = YES;
				CLANG_WARN_OBJC_IMPLICIT_RETAIN_SELF = YES;
				CLANG_WARN_OBJC_LITERAL_CONVERSION = YES;
				CLANG_WARN_OBJC_ROOT_CLASS = YES_ERROR;
				CLANG_WARN_QUOTED_INCLUDE_IN_FRAMEWORK_HEADER = YES;
				CLANG_WARN_RANGE_LOOP_ANALYSIS = YES;
				CLANG_WARN_STRICT_PROTOTYPES = YES;
				CLANG_WARN_SUSPICIOUS_MOVE = YES;
				CLANG_WARN_UNGUARDED_AVAILABILITY = YES_AGGRESSIVE;
				CLANG_WARN_UNREACHABLE_CODE = YES;
				CLANG_WARN__DUPLICATE_METHOD_MATCH = YES;
				COPY_PHASE_STRIP = NO;
				CURRENT_PROJECT_VERSION = 1;
				DEBUG_INFORMATION_FORMAT = dwarf;
				ENABLE_STRICT_OBJC_MSGSEND = YES;
				ENABLE_TESTABILITY = YES;
				GCC_C_LANGUAGE_STANDARD = gnu11;
				GCC_DYNAMIC_NO_PIC = NO;
				GCC_NO_COMMON_BLOCKS = YES;
				GCC_OPTIMIZATION_LEVEL = 0;
				GCC_PREPROCESSOR_DEFINITIONS = (
					"DEBUG=1",
					"$(inherited)",
				);
				GCC_WARN_64_TO_32_BIT_CONVERSION = YES;
				GCC_WARN_ABOUT_RETURN_TYPE = YES_ERROR;
				GCC_WARN_UNDECLARED_SELECTOR = YES;
				GCC_WARN_UNINITIALIZED_AUTOS = YES_AGGRESSIVE;
				GCC_WARN_UNUSED_FUNCTION = YES;
				GCC_WARN_UNUSED_VARIABLE = YES;
				IPHONEOS_DEPLOYMENT_TARGET = 15.0;
				MTL_ENABLE_DEBUG_INFO = INCLUDE_SOURCE;
				MTL_FAST_MATH = YES;
				ONLY_ACTIVE_ARCH = YES;
				SDKROOT = iphoneos;
				SWIFT_ACTIVE_COMPILATION_CONDITIONS = DEBUG;
				SWIFT_OPTIMIZATION_LEVEL = "-Onone";
				VERSIONING_SYSTEM = "apple-generic";
				VERSION_INFO_PREFIX = "";
			};
			name = Debug;
		};
		B50A3AD1273B183F005B3ED1 /* Release */ = {
			isa = XCBuildConfiguration;
			buildSettings = {
				ALWAYS_SEARCH_USER_PATHS = NO;
				CLANG_ANALYZER_NONNULL = YES;
				CLANG_ANALYZER_NUMBER_OBJECT_CONVERSION = YES_AGGRESSIVE;
				CLANG_CXX_LANGUAGE_STANDARD = "gnu++17";
				CLANG_CXX_LIBRARY = "libc++";
				CLANG_ENABLE_MODULES = YES;
				CLANG_ENABLE_OBJC_ARC = YES;
				CLANG_ENABLE_OBJC_WEAK = YES;
				CLANG_WARN_BLOCK_CAPTURE_AUTORELEASING = YES;
				CLANG_WARN_BOOL_CONVERSION = YES;
				CLANG_WARN_COMMA = YES;
				CLANG_WARN_CONSTANT_CONVERSION = YES;
				CLANG_WARN_DEPRECATED_OBJC_IMPLEMENTATIONS = YES;
				CLANG_WARN_DIRECT_OBJC_ISA_USAGE = YES_ERROR;
				CLANG_WARN_DOCUMENTATION_COMMENTS = YES;
				CLANG_WARN_EMPTY_BODY = YES;
				CLANG_WARN_ENUM_CONVERSION = YES;
				CLANG_WARN_INFINITE_RECURSION = YES;
				CLANG_WARN_INT_CONVERSION = YES;
				CLANG_WARN_NON_LITERAL_NULL_CONVERSION = YES;
				CLANG_WARN_OBJC_IMPLICIT_RETAIN_SELF = YES;
				CLANG_WARN_OBJC_LITERAL_CONVERSION = YES;
				CLANG_WARN_OBJC_ROOT_CLASS = YES_ERROR;
				CLANG_WARN_QUOTED_INCLUDE_IN_FRAMEWORK_HEADER = YES;
				CLANG_WARN_RANGE_LOOP_ANALYSIS = YES;
				CLANG_WARN_STRICT_PROTOTYPES = YES;
				CLANG_WARN_SUSPICIOUS_MOVE = YES;
				CLANG_WARN_UNGUARDED_AVAILABILITY = YES_AGGRESSIVE;
				CLANG_WARN_UNREACHABLE_CODE = YES;
				CLANG_WARN__DUPLICATE_METHOD_MATCH = YES;
				COPY_PHASE_STRIP = NO;
				CURRENT_PROJECT_VERSION = 1;
				DEBUG_INFORMATION_FORMAT = "dwarf-with-dsym";
				ENABLE_NS_ASSERTIONS = NO;
				ENABLE_STRICT_OBJC_MSGSEND = YES;
				GCC_C_LANGUAGE_STANDARD = gnu11;
				GCC_NO_COMMON_BLOCKS = YES;
				GCC_WARN_64_TO_32_BIT_CONVERSION = YES;
				GCC_WARN_ABOUT_RETURN_TYPE = YES_ERROR;
				GCC_WARN_UNDECLARED_SELECTOR = YES;
				GCC_WARN_UNINITIALIZED_AUTOS = YES_AGGRESSIVE;
				GCC_WARN_UNUSED_FUNCTION = YES;
				GCC_WARN_UNUSED_VARIABLE = YES;
				IPHONEOS_DEPLOYMENT_TARGET = 15.0;
				MTL_ENABLE_DEBUG_INFO = NO;
				MTL_FAST_MATH = YES;
				SDKROOT = iphoneos;
				SWIFT_COMPILATION_MODE = wholemodule;
				SWIFT_OPTIMIZATION_LEVEL = "-O";
				VALIDATE_PRODUCT = YES;
				VERSIONING_SYSTEM = "apple-generic";
				VERSION_INFO_PREFIX = "";
			};
			name = Release;
		};
		B50A3AD3273B183F005B3ED1 /* Debug */ = {
			isa = XCBuildConfiguration;
			buildSettings = {
				CLANG_ENABLE_MODULES = YES;
				CODE_SIGN_STYLE = Automatic;
				CURRENT_PROJECT_VERSION = 1;
				DEFINES_MODULE = YES;
				DEVELOPMENT_TEAM = C2K3864N2N;
				DYLIB_COMPATIBILITY_VERSION = 1;
				DYLIB_CURRENT_VERSION = 1;
				DYLIB_INSTALL_NAME_BASE = "@rpath";
				GENERATE_INFOPLIST_FILE = YES;
				INFOPLIST_KEY_NSHumanReadableCopyright = "";
				INSTALL_PATH = "$(LOCAL_LIBRARY_DIR)/Frameworks";
				LD_RUNPATH_SEARCH_PATHS = (
					"$(inherited)",
					"@executable_path/Frameworks",
					"@loader_path/Frameworks",
				);
				MARKETING_VERSION = 1.0;
				PRODUCT_BUNDLE_IDENTIFIER = com.ficklebits.nsspain.Models;
				PRODUCT_NAME = "$(TARGET_NAME:c99extidentifier)";
				SKIP_INSTALL = YES;
				SWIFT_EMIT_LOC_STRINGS = YES;
				SWIFT_OPTIMIZATION_LEVEL = "-Onone";
				SWIFT_VERSION = 5.0;
				TARGETED_DEVICE_FAMILY = "1,2";
			};
			name = Debug;
		};
		B50A3AD4273B183F005B3ED1 /* Release */ = {
			isa = XCBuildConfiguration;
			buildSettings = {
				CLANG_ENABLE_MODULES = YES;
				CODE_SIGN_STYLE = Automatic;
				CURRENT_PROJECT_VERSION = 1;
				DEFINES_MODULE = YES;
				DEVELOPMENT_TEAM = C2K3864N2N;
				DYLIB_COMPATIBILITY_VERSION = 1;
				DYLIB_CURRENT_VERSION = 1;
				DYLIB_INSTALL_NAME_BASE = "@rpath";
				GENERATE_INFOPLIST_FILE = YES;
				INFOPLIST_KEY_NSHumanReadableCopyright = "";
				INSTALL_PATH = "$(LOCAL_LIBRARY_DIR)/Frameworks";
				LD_RUNPATH_SEARCH_PATHS = (
					"$(inherited)",
					"@executable_path/Frameworks",
					"@loader_path/Frameworks",
				);
				MARKETING_VERSION = 1.0;
				PRODUCT_BUNDLE_IDENTIFIER = com.ficklebits.nsspain.Models;
				PRODUCT_NAME = "$(TARGET_NAME:c99extidentifier)";
				SKIP_INSTALL = YES;
				SWIFT_EMIT_LOC_STRINGS = YES;
				SWIFT_VERSION = 5.0;
				TARGETED_DEVICE_FAMILY = "1,2";
			};
			name = Release;
		};
		B50A3AD6273B183F005B3ED1 /* Debug */ = {
			isa = XCBuildConfiguration;
			buildSettings = {
				ALWAYS_EMBED_SWIFT_STANDARD_LIBRARIES = YES;
				CODE_SIGN_STYLE = Automatic;
				CURRENT_PROJECT_VERSION = 1;
				DEVELOPMENT_TEAM = C2K3864N2N;
				GENERATE_INFOPLIST_FILE = YES;
				LD_RUNPATH_SEARCH_PATHS = (
					"$(inherited)",
					"@executable_path/Frameworks",
					"@loader_path/Frameworks",
				);
				MARKETING_VERSION = 1.0;
				PRODUCT_BUNDLE_IDENTIFIER = com.ficklebits.nsspain.ModelsTests;
				PRODUCT_NAME = "$(TARGET_NAME)";
				SWIFT_EMIT_LOC_STRINGS = NO;
				SWIFT_VERSION = 5.0;
				TARGETED_DEVICE_FAMILY = "1,2";
			};
			name = Debug;
		};
		B50A3AD7273B183F005B3ED1 /* Release */ = {
			isa = XCBuildConfiguration;
			buildSettings = {
				ALWAYS_EMBED_SWIFT_STANDARD_LIBRARIES = YES;
				CODE_SIGN_STYLE = Automatic;
				CURRENT_PROJECT_VERSION = 1;
				DEVELOPMENT_TEAM = C2K3864N2N;
				GENERATE_INFOPLIST_FILE = YES;
				LD_RUNPATH_SEARCH_PATHS = (
					"$(inherited)",
					"@executable_path/Frameworks",
					"@loader_path/Frameworks",
				);
				MARKETING_VERSION = 1.0;
				PRODUCT_BUNDLE_IDENTIFIER = com.ficklebits.nsspain.ModelsTests;
				PRODUCT_NAME = "$(TARGET_NAME)";
				SWIFT_EMIT_LOC_STRINGS = NO;
				SWIFT_VERSION = 5.0;
				TARGETED_DEVICE_FAMILY = "1,2";
			};
			name = Release;
		};
/* End XCBuildConfiguration section */

/* Begin XCConfigurationList section */
		B50A3ABA273B183F005B3ED1 /* Build configuration list for PBXProject "Models" */ = {
			isa = XCConfigurationList;
			buildConfigurations = (
				B50A3AD0273B183F005B3ED1 /* Debug */,
				B50A3AD1273B183F005B3ED1 /* Release */,
			);
			defaultConfigurationIsVisible = 0;
			defaultConfigurationName = Release;
		};
		B50A3AD2273B183F005B3ED1 /* Build configuration list for PBXNativeTarget "Models" */ = {
			isa = XCConfigurationList;
			buildConfigurations = (
				B50A3AD3273B183F005B3ED1 /* Debug */,
				B50A3AD4273B183F005B3ED1 /* Release */,
			);
			defaultConfigurationIsVisible = 0;
			defaultConfigurationName = Release;
		};
		B50A3AD5273B183F005B3ED1 /* Build configuration list for PBXNativeTarget "ModelsTests" */ = {
			isa = XCConfigurationList;
			buildConfigurations = (
				B50A3AD6273B183F005B3ED1 /* Debug */,
				B50A3AD7273B183F005B3ED1 /* Release */,
			);
			defaultConfigurationIsVisible = 0;
			defaultConfigurationName = Release;
		};
/* End XCConfigurationList section */
	};
	rootObject = B50A3AB7273B183F005B3ED1 /* Project object */;
}
